PODS:
  - FMDB (2.5):
    - FMDB/standard (= 2.5)
  - FMDB/common (2.5)
  - FMDB/standard (2.5):
    - FMDB/common
  - LLSimpleCamera (2.2.0)
  - MSDynamicsDrawerViewController (1.5.1)

DEPENDENCIES:
  - FMDB
  - LLSimpleCamera (~> 2.2)
  - MSDynamicsDrawerViewController (from `../Libraries/`)

EXTERNAL SOURCES:
  MSDynamicsDrawerViewController:
    :path: ../Libraries/

SPEC CHECKSUMS:
  FMDB: 96e8f1bcc1329e269330f99770ad4285d9003e52
  LLSimpleCamera: 360c9647008f3cc8062748dbe7e4ebc7b4fbde04
  MSDynamicsDrawerViewController: 2409ca61449d8541a3ee640bfd2d230c3734d3c4

COCOAPODS: 0.35.0
