PODS:
  - FMDB (2.5):
    - FMDB/standard (= 2.5)
  - FMDB/common (2.5)
  - FMDB/standard (2.5):
    - FMDB/common
  - HMSegmentedControl (1.5)
  - MSDynamicsDrawerViewController (1.5.1)

DEPENDENCIES:
  - FMDB
  - HMSegmentedControl (from `../Libraries/`)
  - MSDynamicsDrawerViewController (from `../Libraries/`)

EXTERNAL SOURCES:
  HMSegmentedControl:
    :path: ../Libraries/
  MSDynamicsDrawerViewController:
    :path: ../Libraries/

SPEC CHECKSUMS:
  FMDB: 0efa188cf0dd1ce82c27a478cd5f5fa245308677
  HMSegmentedControl: 23b6155cd3670f73ffc6eb836af1cfc440e81780
  MSDynamicsDrawerViewController: 2874df90f5e9453dc7d4e32f8038b50615d4baa7

COCOAPODS: 0.36.0
